
Microsoft Visual Studio Solution File, Format Version 12.00
# Visual Studio Version 17
VisualStudioVersion = 17.8.34525.116
MinimumVisualStudioVersion = 10.0.40219.1
Project("{FAE04EC0-301F-11D3-BF4B-00C04F79EFBC}") = "punto-server", "punto-server.csproj", "{96787EF9-A1CB-43F2-AF00-5CA8D5A49BCE}"
EndProject
Global
	GlobalSection(SolutionConfigurationPlatforms) = preSolution
		Debug|Any CPU = Debug|Any CPU
		Release|Any CPU = Release|Any CPU
	EndGlobalSection
	GlobalSection(ProjectConfigurationPlatforms) = postSolution
		{96787EF9-A1CB-43F2-AF00-5CA8D5A49BCE}.Debug|Any CPU.ActiveCfg = Debug|Any CPU
		{96787EF9-A1CB-43F2-AF00-5CA8D5A49BCE}.Debug|Any CPU.Build.0 = Debug|Any CPU
		{96787EF9-A1CB-43F2-AF00-5CA8D5A49BCE}.Release|Any CPU.ActiveCfg = Release|Any CPU
		{96787EF9-A1CB-43F2-AF00-5CA8D5A49BCE}.Release|Any CPU.Build.0 = Release|Any CPU
	EndGlobalSection
	GlobalSection(SolutionProperties) = preSolution
		HideSolutionNode = FALSE
	EndGlobalSection
	GlobalSection(ExtensibilityGlobals) = postSolution
		SolutionGuid = {F1D8B487-1E1F-4622-8A03-EB3CF3DFCEF0}
	EndGlobalSection
EndGlobal
